PODS:
  - Alamofire (3.4.1)
  - MockFive (0.03)
  - Nimble (4.1.0)
  - ObjectMapper (1.3.0)
  - Quick (0.9.3)

DEPENDENCIES:
  - Alamofire (= 3.4.1)
  - MockFive
  - Nimble (~> 4.1.0)
  - ObjectMapper (~> 1.3.0)
  - Quick (~> 0.9.3)

SPEC CHECKSUMS:
  Alamofire: 01a82e2f6c0f860ade35534c8dd88be61bdef40c
  MockFive: 0a8a473f8c9ae55d852dc0dfa42d0dde8b0f44e6
  Nimble: 97a0a4cae5124c117115634b2d055d8c97d0af19
  ObjectMapper: 4eb08a726e9791a93b2632049951b56a7c17e471
  Quick: 13a2a2b19a5d8e3ed4fd0c36ee46597fd77ebf71

PODFILE CHECKSUM: 51c75a062ba2d73d2b7de35fe610c410ccb11365

COCOAPODS: 1.0.1
