// !$*UTF8*$!
{
	archiveVersion = 1;
	classes = {
	};
	objectVersion = 46;
	objects = {

/* Begin PBXBuildFile section */
		6F758D4A1E08669B01D73BE5 /* Pods_TodoMVC.framework in Frameworks */ = {isa = PBXBuildFile; fileRef = EDA23517FE53BBB8B95657E7 /* Pods_TodoMVC.framework */; };
		FAAC50811DACF103003E7E0F /* Constants.swift in Sources */ = {isa = PBXBuildFile; fileRef = FAAC50801DACF103003E7E0F /* Constants.swift */; };
		FAAC50851DACF1A4003E7E0F /* APIError.swift in Sources */ = {isa = PBXBuildFile; fileRef = FAAC50821DACF1A4003E7E0F /* APIError.swift */; };
		FAAC50861DACF1A4003E7E0F /* TodoItem.swift in Sources */ = {isa = PBXBuildFile; fileRef = FAAC50831DACF1A4003E7E0F /* TodoItem.swift */; };
		FAAC50871DACF1A4003E7E0F /* User.swift in Sources */ = {isa = PBXBuildFile; fileRef = FAAC50841DACF1A4003E7E0F /* User.swift */; };
		FAAC50891DACF3B5003E7E0F /* AuthManager.swift in Sources */ = {isa = PBXBuildFile; fileRef = FAAC50881DACF3B5003E7E0F /* AuthManager.swift */; };
		FAAC508B1DACF6CF003E7E0F /* TodoListViewController.swift in Sources */ = {isa = PBXBuildFile; fileRef = FAAC508A1DACF6CF003E7E0F /* TodoListViewController.swift */; };
		FAAC508D1DACF95E003E7E0F /* UIViewControllerAdditions.swift in Sources */ = {isa = PBXBuildFile; fileRef = FAAC508C1DACF95E003E7E0F /* UIViewControllerAdditions.swift */; };
		FAAC508F1DACFC0B003E7E0F /* CreateTodoViewController.swift in Sources */ = {isa = PBXBuildFile; fileRef = FAAC508E1DACFC0A003E7E0F /* CreateTodoViewController.swift */; };
		FAD44F0A1DABAD730099D708 /* AppDelegate.swift in Sources */ = {isa = PBXBuildFile; fileRef = FAD44F091DABAD730099D708 /* AppDelegate.swift */; };
		FAD44F111DABAD730099D708 /* Assets.xcassets in Resources */ = {isa = PBXBuildFile; fileRef = FAD44F101DABAD730099D708 /* Assets.xcassets */; };
		FAD44F141DABAD730099D708 /* LaunchScreen.storyboard in Resources */ = {isa = PBXBuildFile; fileRef = FAD44F121DABAD730099D708 /* LaunchScreen.storyboard */; };
		FAD44F211DABAF460099D708 /* CreateTodoViewController.xib in Resources */ = {isa = PBXBuildFile; fileRef = FAD44F1B1DABAF460099D708 /* CreateTodoViewController.xib */; };
		FAD44F221DABAF460099D708 /* EditTodoViewController.xib in Resources */ = {isa = PBXBuildFile; fileRef = FAD44F1C1DABAF460099D708 /* EditTodoViewController.xib */; };
		FAD44F231DABAF460099D708 /* LoginViewController.xib in Resources */ = {isa = PBXBuildFile; fileRef = FAD44F1D1DABAF460099D708 /* LoginViewController.xib */; };
		FAD44F241DABAF460099D708 /* ProfileViewController.xib in Resources */ = {isa = PBXBuildFile; fileRef = FAD44F1E1DABAF460099D708 /* ProfileViewController.xib */; };
		FAD44F251DABAF460099D708 /* SignUpViewController.xib in Resources */ = {isa = PBXBuildFile; fileRef = FAD44F1F1DABAF460099D708 /* SignUpViewController.xib */; };
		FAD44F261DABAF460099D708 /* TodoListViewController.xib in Resources */ = {isa = PBXBuildFile; fileRef = FAD44F201DABAF460099D708 /* TodoListViewController.xib */; };
		FAD44F281DABB07D0099D708 /* LoginViewController.swift in Sources */ = {isa = PBXBuildFile; fileRef = FAD44F271DABB07D0099D708 /* LoginViewController.swift */; };
/* End PBXBuildFile section */

/* Begin PBXFileReference section */
		5CBA79AC3F57B92F621A2129 /* Pods-TodoMVC.debug.xcconfig */ = {isa = PBXFileReference; includeInIndex = 1; lastKnownFileType = text.xcconfig; name = "Pods-TodoMVC.debug.xcconfig"; path = "Pods/Target Support Files/Pods-TodoMVC/Pods-TodoMVC.debug.xcconfig"; sourceTree = "<group>"; };
		6D62115FA7ED08761D21D2F2 /* Pods-TodoMVC.release.xcconfig */ = {isa = PBXFileReference; includeInIndex = 1; lastKnownFileType = text.xcconfig; name = "Pods-TodoMVC.release.xcconfig"; path = "Pods/Target Support Files/Pods-TodoMVC/Pods-TodoMVC.release.xcconfig"; sourceTree = "<group>"; };
		EDA23517FE53BBB8B95657E7 /* Pods_TodoMVC.framework */ = {isa = PBXFileReference; explicitFileType = wrapper.framework; includeInIndex = 0; path = Pods_TodoMVC.framework; sourceTree = BUILT_PRODUCTS_DIR; };
		FAAC50801DACF103003E7E0F /* Constants.swift */ = {isa = PBXFileReference; fileEncoding = 4; lastKnownFileType = sourcecode.swift; path = Constants.swift; sourceTree = "<group>"; };
		FAAC50821DACF1A4003E7E0F /* APIError.swift */ = {isa = PBXFileReference; fileEncoding = 4; lastKnownFileType = sourcecode.swift; path = APIError.swift; sourceTree = "<group>"; };
		FAAC50831DACF1A4003E7E0F /* TodoItem.swift */ = {isa = PBXFileReference; fileEncoding = 4; lastKnownFileType = sourcecode.swift; path = TodoItem.swift; sourceTree = "<group>"; };
		FAAC50841DACF1A4003E7E0F /* User.swift */ = {isa = PBXFileReference; fileEncoding = 4; lastKnownFileType = sourcecode.swift; path = User.swift; sourceTree = "<group>"; };
		FAAC50881DACF3B5003E7E0F /* AuthManager.swift */ = {isa = PBXFileReference; fileEncoding = 4; lastKnownFileType = sourcecode.swift; path = AuthManager.swift; sourceTree = "<group>"; };
		FAAC508A1DACF6CF003E7E0F /* TodoListViewController.swift */ = {isa = PBXFileReference; fileEncoding = 4; lastKnownFileType = sourcecode.swift; path = TodoListViewController.swift; sourceTree = "<group>"; };
		FAAC508C1DACF95E003E7E0F /* UIViewControllerAdditions.swift */ = {isa = PBXFileReference; fileEncoding = 4; lastKnownFileType = sourcecode.swift; path = UIViewControllerAdditions.swift; sourceTree = "<group>"; };
		FAAC508E1DACFC0A003E7E0F /* CreateTodoViewController.swift */ = {isa = PBXFileReference; fileEncoding = 4; lastKnownFileType = sourcecode.swift; path = CreateTodoViewController.swift; sourceTree = "<group>"; };
		FAD44F061DABAD730099D708 /* TodoMVC.app */ = {isa = PBXFileReference; explicitFileType = wrapper.application; includeInIndex = 0; path = TodoMVC.app; sourceTree = BUILT_PRODUCTS_DIR; };
		FAD44F091DABAD730099D708 /* AppDelegate.swift */ = {isa = PBXFileReference; lastKnownFileType = sourcecode.swift; path = AppDelegate.swift; sourceTree = "<group>"; };
		FAD44F101DABAD730099D708 /* Assets.xcassets */ = {isa = PBXFileReference; lastKnownFileType = folder.assetcatalog; path = Assets.xcassets; sourceTree = "<group>"; };
		FAD44F131DABAD730099D708 /* Base */ = {isa = PBXFileReference; lastKnownFileType = file.storyboard; name = Base; path = Base.lproj/LaunchScreen.storyboard; sourceTree = "<group>"; };
		FAD44F151DABAD730099D708 /* Info.plist */ = {isa = PBXFileReference; lastKnownFileType = text.plist.xml; path = Info.plist; sourceTree = "<group>"; };
		FAD44F1B1DABAF460099D708 /* CreateTodoViewController.xib */ = {isa = PBXFileReference; fileEncoding = 4; lastKnownFileType = file.xib; path = CreateTodoViewController.xib; sourceTree = "<group>"; };
		FAD44F1C1DABAF460099D708 /* EditTodoViewController.xib */ = {isa = PBXFileReference; fileEncoding = 4; lastKnownFileType = file.xib; path = EditTodoViewController.xib; sourceTree = "<group>"; };
		FAD44F1D1DABAF460099D708 /* LoginViewController.xib */ = {isa = PBXFileReference; fileEncoding = 4; lastKnownFileType = file.xib; path = LoginViewController.xib; sourceTree = "<group>"; };
		FAD44F1E1DABAF460099D708 /* ProfileViewController.xib */ = {isa = PBXFileReference; fileEncoding = 4; lastKnownFileType = file.xib; path = ProfileViewController.xib; sourceTree = "<group>"; };
		FAD44F1F1DABAF460099D708 /* SignUpViewController.xib */ = {isa = PBXFileReference; fileEncoding = 4; lastKnownFileType = file.xib; path = SignUpViewController.xib; sourceTree = "<group>"; };
		FAD44F201DABAF460099D708 /* TodoListViewController.xib */ = {isa = PBXFileReference; fileEncoding = 4; lastKnownFileType = file.xib; path = TodoListViewController.xib; sourceTree = "<group>"; };
		FAD44F271DABB07D0099D708 /* LoginViewController.swift */ = {isa = PBXFileReference; fileEncoding = 4; lastKnownFileType = sourcecode.swift; path = LoginViewController.swift; sourceTree = "<group>"; };
/* End PBXFileReference section */

/* Begin PBXFrameworksBuildPhase section */
		FAD44F031DABAD730099D708 /* Frameworks */ = {
			isa = PBXFrameworksBuildPhase;
			buildActionMask = 2147483647;
			files = (
				6F758D4A1E08669B01D73BE5 /* Pods_TodoMVC.framework in Frameworks */,
			);
			runOnlyForDeploymentPostprocessing = 0;
		};
/* End PBXFrameworksBuildPhase section */

/* Begin PBXGroup section */
		5F30E6C01848D7BF0A996FB4 /* Pods */ = {
			isa = PBXGroup;
			children = (
				5CBA79AC3F57B92F621A2129 /* Pods-TodoMVC.debug.xcconfig */,
				6D62115FA7ED08761D21D2F2 /* Pods-TodoMVC.release.xcconfig */,
			);
			name = Pods;
			sourceTree = "<group>";
		};
		9169793DF86F93E2F50205B2 /* Frameworks */ = {
			isa = PBXGroup;
			children = (
				EDA23517FE53BBB8B95657E7 /* Pods_TodoMVC.framework */,
			);
			name = Frameworks;
			sourceTree = "<group>";
		};
		FAD44EFD1DABAD730099D708 = {
			isa = PBXGroup;
			children = (
				FAD44F081DABAD730099D708 /* TodoMVC */,
				FAD44F071DABAD730099D708 /* Products */,
				5F30E6C01848D7BF0A996FB4 /* Pods */,
				9169793DF86F93E2F50205B2 /* Frameworks */,
			);
			sourceTree = "<group>";
		};
		FAD44F071DABAD730099D708 /* Products */ = {
			isa = PBXGroup;
			children = (
				FAD44F061DABAD730099D708 /* TodoMVC.app */,
			);
			name = Products;
			sourceTree = "<group>";
		};
		FAD44F081DABAD730099D708 /* TodoMVC */ = {
			isa = PBXGroup;
			children = (
				FAAC50821DACF1A4003E7E0F /* APIError.swift */,
				FAAC50831DACF1A4003E7E0F /* TodoItem.swift */,
				FAAC50841DACF1A4003E7E0F /* User.swift */,
				FAD44F1B1DABAF460099D708 /* CreateTodoViewController.xib */,
				FAD44F1C1DABAF460099D708 /* EditTodoViewController.xib */,
				FAD44F1D1DABAF460099D708 /* LoginViewController.xib */,
				FAD44F1E1DABAF460099D708 /* ProfileViewController.xib */,
				FAD44F1F1DABAF460099D708 /* SignUpViewController.xib */,
				FAD44F201DABAF460099D708 /* TodoListViewController.xib */,
				FAD44F091DABAD730099D708 /* AppDelegate.swift */,
				FAD44F271DABB07D0099D708 /* LoginViewController.swift */,
				FAD44F101DABAD730099D708 /* Assets.xcassets */,
				FAD44F121DABAD730099D708 /* LaunchScreen.storyboard */,
				FAD44F151DABAD730099D708 /* Info.plist */,
				FAAC50801DACF103003E7E0F /* Constants.swift */,
				FAAC50881DACF3B5003E7E0F /* AuthManager.swift */,
				FAAC508A1DACF6CF003E7E0F /* TodoListViewController.swift */,
				FAAC508C1DACF95E003E7E0F /* UIViewControllerAdditions.swift */,
				FAAC508E1DACFC0A003E7E0F /* CreateTodoViewController.swift */,
			);
			path = TodoMVC;
			sourceTree = "<group>";
		};
/* End PBXGroup section */

/* Begin PBXNativeTarget section */
		FAD44F051DABAD730099D708 /* TodoMVC */ = {
			isa = PBXNativeTarget;
			buildConfigurationList = FAD44F181DABAD730099D708 /* Build configuration list for PBXNativeTarget "TodoMVC" */;
			buildPhases = (
				02B9E38C31E4227E3FA0E5FB /* [CP] Check Pods Manifest.lock */,
				FAD44F021DABAD730099D708 /* Sources */,
				FAD44F031DABAD730099D708 /* Frameworks */,
				FAD44F041DABAD730099D708 /* Resources */,
				4562CD68913B182E712A4B9E /* [CP] Embed Pods Frameworks */,
				72D06AE77EA6D638FB286E8C /* [CP] Copy Pods Resources */,
			);
			buildRules = (
			);
			dependencies = (
			);
			name = TodoMVC;
			productName = TodoMVC;
			productReference = FAD44F061DABAD730099D708 /* TodoMVC.app */;
			productType = "com.apple.product-type.application";
		};
/* End PBXNativeTarget section */

/* Begin PBXProject section */
		FAD44EFE1DABAD730099D708 /* Project object */ = {
			isa = PBXProject;
			attributes = {
				LastSwiftUpdateCheck = 0730;
				LastUpgradeCheck = 0730;
				ORGANIZATIONNAME = GoJek;
				TargetAttributes = {
					FAD44F051DABAD730099D708 = {
						CreatedOnToolsVersion = 7.3.1;
					};
				};
			};
			buildConfigurationList = FAD44F011DABAD730099D708 /* Build configuration list for PBXProject "TodoMVC" */;
			compatibilityVersion = "Xcode 3.2";
			developmentRegion = English;
			hasScannedForEncodings = 0;
			knownRegions = (
				en,
				Base,
			);
			mainGroup = FAD44EFD1DABAD730099D708;
			productRefGroup = FAD44F071DABAD730099D708 /* Products */;
			projectDirPath = "";
			projectRoot = "";
			targets = (
				FAD44F051DABAD730099D708 /* TodoMVC */,
			);
		};
/* End PBXProject section */

/* Begin PBXResourcesBuildPhase section */
		FAD44F041DABAD730099D708 /* Resources */ = {
			isa = PBXResourcesBuildPhase;
			buildActionMask = 2147483647;
			files = (
				FAD44F241DABAF460099D708 /* ProfileViewController.xib in Resources */,
				FAD44F221DABAF460099D708 /* EditTodoViewController.xib in Resources */,
				FAD44F141DABAD730099D708 /* LaunchScreen.storyboard in Resources */,
				FAD44F231DABAF460099D708 /* LoginViewController.xib in Resources */,
				FAD44F111DABAD730099D708 /* Assets.xcassets in Resources */,
				FAD44F211DABAF460099D708 /* CreateTodoViewController.xib in Resources */,
				FAD44F251DABAF460099D708 /* SignUpViewController.xib in Resources */,
				FAD44F261DABAF460099D708 /* TodoListViewController.xib in Resources */,
			);
			runOnlyForDeploymentPostprocessing = 0;
		};
/* End PBXResourcesBuildPhase section */

/* Begin PBXShellScriptBuildPhase section */
		02B9E38C31E4227E3FA0E5FB /* [CP] Check Pods Manifest.lock */ = {
			isa = PBXShellScriptBuildPhase;
			buildActionMask = 2147483647;
			files = (
			);
			inputPaths = (
			);
			name = "[CP] Check Pods Manifest.lock";
			outputPaths = (
			);
			runOnlyForDeploymentPostprocessing = 0;
			shellPath = /bin/sh;
			shellScript = "diff \"${PODS_ROOT}/../Podfile.lock\" \"${PODS_ROOT}/Manifest.lock\" > /dev/null\nif [[ $? != 0 ]] ; then\n    cat << EOM\nerror: The sandbox is not in sync with the Podfile.lock. Run 'pod install' or update your CocoaPods installation.\nEOM\n    exit 1\nfi\n";
			showEnvVarsInLog = 0;
		};
		4562CD68913B182E712A4B9E /* [CP] Embed Pods Frameworks */ = {
			isa = PBXShellScriptBuildPhase;
			buildActionMask = 2147483647;
			files = (
			);
			inputPaths = (
			);
			name = "[CP] Embed Pods Frameworks";
			outputPaths = (
			);
			runOnlyForDeploymentPostprocessing = 0;
			shellPath = /bin/sh;
			shellScript = "\"${SRCROOT}/Pods/Target Support Files/Pods-TodoMVC/Pods-TodoMVC-frameworks.sh\"\n";
			showEnvVarsInLog = 0;
		};
		72D06AE77EA6D638FB286E8C /* [CP] Copy Pods Resources */ = {
			isa = PBXShellScriptBuildPhase;
			buildActionMask = 2147483647;
			files = (
			);
			inputPaths = (
			);
			name = "[CP] Copy Pods Resources";
			outputPaths = (
			);
			runOnlyForDeploymentPostprocessing = 0;
			shellPath = /bin/sh;
			shellScript = "\"${SRCROOT}/Pods/Target Support Files/Pods-TodoMVC/Pods-TodoMVC-resources.sh\"\n";
			showEnvVarsInLog = 0;
		};
/* End PBXShellScriptBuildPhase section */

/* Begin PBXSourcesBuildPhase section */
		FAD44F021DABAD730099D708 /* Sources */ = {
			isa = PBXSourcesBuildPhase;
			buildActionMask = 2147483647;
			files = (
				FAAC508B1DACF6CF003E7E0F /* TodoListViewController.swift in Sources */,
				FAAC50861DACF1A4003E7E0F /* TodoItem.swift in Sources */,
				FAAC50891DACF3B5003E7E0F /* AuthManager.swift in Sources */,
				FAD44F281DABB07D0099D708 /* LoginViewController.swift in Sources */,
				FAAC50871DACF1A4003E7E0F /* User.swift in Sources */,
				FAAC50851DACF1A4003E7E0F /* APIError.swift in Sources */,
				FAD44F0A1DABAD730099D708 /* AppDelegate.swift in Sources */,
				FAAC508D1DACF95E003E7E0F /* UIViewControllerAdditions.swift in Sources */,
				FAAC508F1DACFC0B003E7E0F /* CreateTodoViewController.swift in Sources */,
				FAAC50811DACF103003E7E0F /* Constants.swift in Sources */,
			);
			runOnlyForDeploymentPostprocessing = 0;
		};
/* End PBXSourcesBuildPhase section */

/* Begin PBXVariantGroup section */
		FAD44F121DABAD730099D708 /* LaunchScreen.storyboard */ = {
			isa = PBXVariantGroup;
			children = (
				FAD44F131DABAD730099D708 /* Base */,
			);
			name = LaunchScreen.storyboard;
			sourceTree = "<group>";
		};
/* End PBXVariantGroup section */

/* Begin XCBuildConfiguration section */
		FAD44F161DABAD730099D708 /* Debug */ = {
			isa = XCBuildConfiguration;
			buildSettings = {
				ALWAYS_SEARCH_USER_PATHS = NO;
				CLANG_ANALYZER_NONNULL = YES;
				CLANG_CXX_LANGUAGE_STANDARD = "gnu++0x";
				CLANG_CXX_LIBRARY = "libc++";
				CLANG_ENABLE_MODULES = YES;
				CLANG_ENABLE_OBJC_ARC = YES;
				CLANG_WARN_BOOL_CONVERSION = YES;
				CLANG_WARN_CONSTANT_CONVERSION = YES;
				CLANG_WARN_DIRECT_OBJC_ISA_USAGE = YES_ERROR;
				CLANG_WARN_EMPTY_BODY = YES;
				CLANG_WARN_ENUM_CONVERSION = YES;
				CLANG_WARN_INT_CONVERSION = YES;
				CLANG_WARN_OBJC_ROOT_CLASS = YES_ERROR;
				CLANG_WARN_UNREACHABLE_CODE = YES;
				CLANG_WARN__DUPLICATE_METHOD_MATCH = YES;
				"CODE_SIGN_IDENTITY[sdk=iphoneos*]" = "iPhone Developer";
				COPY_PHASE_STRIP = NO;
				DEBUG_INFORMATION_FORMAT = dwarf;
				ENABLE_STRICT_OBJC_MSGSEND = YES;
				ENABLE_TESTABILITY = YES;
				GCC_C_LANGUAGE_STANDARD = gnu99;
				GCC_DYNAMIC_NO_PIC = NO;
				GCC_NO_COMMON_BLOCKS = YES;
				GCC_OPTIMIZATION_LEVEL = 0;
				GCC_PREPROCESSOR_DEFINITIONS = (
					"DEBUG=1",
					"$(inherited)",
				);
				GCC_WARN_64_TO_32_BIT_CONVERSION = YES;
				GCC_WARN_ABOUT_RETURN_TYPE = YES_ERROR;
				GCC_WARN_UNDECLARED_SELECTOR = YES;
				GCC_WARN_UNINITIALIZED_AUTOS = YES_AGGRESSIVE;
				GCC_WARN_UNUSED_FUNCTION = YES;
				GCC_WARN_UNUSED_VARIABLE = YES;
				IPHONEOS_DEPLOYMENT_TARGET = 9.3;
				MTL_ENABLE_DEBUG_INFO = YES;
				ONLY_ACTIVE_ARCH = YES;
				SDKROOT = iphoneos;
				SWIFT_OPTIMIZATION_LEVEL = "-Onone";
			};
			name = Debug;
		};
		FAD44F171DABAD730099D708 /* Release */ = {
			isa = XCBuildConfiguration;
			buildSettings = {
				ALWAYS_SEARCH_USER_PATHS = NO;
				CLANG_ANALYZER_NONNULL = YES;
				CLANG_CXX_LANGUAGE_STANDARD = "gnu++0x";
				CLANG_CXX_LIBRARY = "libc++";
				CLANG_ENABLE_MODULES = YES;
				CLANG_ENABLE_OBJC_ARC = YES;
				CLANG_WARN_BOOL_CONVERSION = YES;
				CLANG_WARN_CONSTANT_CONVERSION = YES;
				CLANG_WARN_DIRECT_OBJC_ISA_USAGE = YES_ERROR;
				CLANG_WARN_EMPTY_BODY = YES;
				CLANG_WARN_ENUM_CONVERSION = YES;
				CLANG_WARN_INT_CONVERSION = YES;
				CLANG_WARN_OBJC_ROOT_CLASS = YES_ERROR;
				CLANG_WARN_UNREACHABLE_CODE = YES;
				CLANG_WARN__DUPLICATE_METHOD_MATCH = YES;
				"CODE_SIGN_IDENTITY[sdk=iphoneos*]" = "iPhone Developer";
				COPY_PHASE_STRIP = NO;
				DEBUG_INFORMATION_FORMAT = "dwarf-with-dsym";
				ENABLE_NS_ASSERTIONS = NO;
				ENABLE_STRICT_OBJC_MSGSEND = YES;
				GCC_C_LANGUAGE_STANDARD = gnu99;
				GCC_NO_COMMON_BLOCKS = YES;
				GCC_WARN_64_TO_32_BIT_CONVERSION = YES;
				GCC_WARN_ABOUT_RETURN_TYPE = YES_ERROR;
				GCC_WARN_UNDECLARED_SELECTOR = YES;
				GCC_WARN_UNINITIALIZED_AUTOS = YES_AGGRESSIVE;
				GCC_WARN_UNUSED_FUNCTION = YES;
				GCC_WARN_UNUSED_VARIABLE = YES;
				IPHONEOS_DEPLOYMENT_TARGET = 9.3;
				MTL_ENABLE_DEBUG_INFO = NO;
				SDKROOT = iphoneos;
				VALIDATE_PRODUCT = YES;
			};
			name = Release;
		};
		FAD44F191DABAD730099D708 /* Debug */ = {
			isa = XCBuildConfiguration;
			baseConfigurationReference = 5CBA79AC3F57B92F621A2129 /* Pods-TodoMVC.debug.xcconfig */;
			buildSettings = {
				ASSETCATALOG_COMPILER_APPICON_NAME = AppIcon;
				INFOPLIST_FILE = TodoMVC/Info.plist;
				LD_RUNPATH_SEARCH_PATHS = "$(inherited) @executable_path/Frameworks";
				PRODUCT_BUNDLE_IDENTIFIER = gojek.TodoMVC;
				PRODUCT_NAME = "$(TARGET_NAME)";
			};
			name = Debug;
		};
		FAD44F1A1DABAD730099D708 /* Release */ = {
			isa = XCBuildConfiguration;
			baseConfigurationReference = 6D62115FA7ED08761D21D2F2 /* Pods-TodoMVC.release.xcconfig */;
			buildSettings = {
				ASSETCATALOG_COMPILER_APPICON_NAME = AppIcon;
				INFOPLIST_FILE = TodoMVC/Info.plist;
				LD_RUNPATH_SEARCH_PATHS = "$(inherited) @executable_path/Frameworks";
				PRODUCT_BUNDLE_IDENTIFIER = gojek.TodoMVC;
				PRODUCT_NAME = "$(TARGET_NAME)";
			};
			name = Release;
		};
/* End XCBuildConfiguration section */

/* Begin XCConfigurationList section */
		FAD44F011DABAD730099D708 /* Build configuration list for PBXProject "TodoMVC" */ = {
			isa = XCConfigurationList;
			buildConfigurations = (
				FAD44F161DABAD730099D708 /* Debug */,
				FAD44F171DABAD730099D708 /* Release */,
			);
			defaultConfigurationIsVisible = 0;
			defaultConfigurationName = Release;
		};
		FAD44F181DABAD730099D708 /* Build configuration list for PBXNativeTarget "TodoMVC" */ = {
			isa = XCConfigurationList;
			buildConfigurations = (
				FAD44F191DABAD730099D708 /* Debug */,
				FAD44F1A1DABAD730099D708 /* Release */,
			);
			defaultConfigurationIsVisible = 0;
			defaultConfigurationName = Release;
		};
/* End XCConfigurationList section */
	};
	rootObject = FAD44EFE1DABAD730099D708 /* Project object */;
}
